
Microsoft Visual Studio Solution File, Format Version 12.00
# Visual Studio Version 16
VisualStudioVersion = 16.0.29728.190
MinimumVisualStudioVersion = 10.0.40219.1
Project("{FAE04EC0-301F-11D3-BF4B-00C04F79EFBC}") = "WeatherApp", "WeatherApp\WeatherApp.csproj", "{3E78B3C7-9CC4-423C-9552-9F0E4359E2EE}"
EndProject
Global
	GlobalSection(SolutionConfigurationPlatforms) = preSolution
		Debug|Any CPU = Debug|Any CPU
		Release|Any CPU = Release|Any CPU
	EndGlobalSection
	GlobalSection(ProjectConfigurationPlatforms) = postSolution
		{3E78B3C7-9CC4-423C-9552-9F0E4359E2EE}.Debug|Any CPU.ActiveCfg = Debug|Any CPU
		{3E78B3C7-9CC4-423C-9552-9F0E4359E2EE}.Debug|Any CPU.Build.0 = Debug|Any CPU
		{3E78B3C7-9CC4-423C-9552-9F0E4359E2EE}.Release|Any CPU.ActiveCfg = Release|Any CPU
		{3E78B3C7-9CC4-423C-9552-9F0E4359E2EE}.Release|Any CPU.Build.0 = Release|Any CPU
	EndGlobalSection
	GlobalSection(SolutionProperties) = preSolution
		HideSolutionNode = FALSE
	EndGlobalSection
	GlobalSection(ExtensibilityGlobals) = postSolution
		SolutionGuid = {FBE5BE3F-90E9-4EE0-9B2B-C3D032E90C0D}
	EndGlobalSection
EndGlobal
