
Microsoft Visual Studio Solution File, Format Version 12.00
# Visual Studio Version 16
VisualStudioVersion = 16.0.29911.84
MinimumVisualStudioVersion = 10.0.40219.1
Project("{FAE04EC0-301F-11D3-BF4B-00C04F79EFBC}") = "InheritanceShapes", "InheritanceShapes\InheritanceShapes.csproj", "{94CF2900-4CB7-4058-B690-C034101194D3}"
EndProject
Global
	GlobalSection(SolutionConfigurationPlatforms) = preSolution
		Debug|Any CPU = Debug|Any CPU
		Release|Any CPU = Release|Any CPU
	EndGlobalSection
	GlobalSection(ProjectConfigurationPlatforms) = postSolution
		{94CF2900-4CB7-4058-B690-C034101194D3}.Debug|Any CPU.ActiveCfg = Debug|Any CPU
		{94CF2900-4CB7-4058-B690-C034101194D3}.Debug|Any CPU.Build.0 = Debug|Any CPU
		{94CF2900-4CB7-4058-B690-C034101194D3}.Release|Any CPU.ActiveCfg = Release|Any CPU
		{94CF2900-4CB7-4058-B690-C034101194D3}.Release|Any CPU.Build.0 = Release|Any CPU
	EndGlobalSection
	GlobalSection(SolutionProperties) = preSolution
		HideSolutionNode = FALSE
	EndGlobalSection
	GlobalSection(ExtensibilityGlobals) = postSolution
		SolutionGuid = {00A736BF-5CBB-49A1-AC4A-1510B35D152D}
	EndGlobalSection
EndGlobal
