
Microsoft Visual Studio Solution File, Format Version 12.00
# Visual Studio Version 16
VisualStudioVersion = 16.0.29519.87
MinimumVisualStudioVersion = 10.0.40219.1
Project("{FAE04EC0-301F-11D3-BF4B-00C04F79EFBC}") = "firstTask", "firstTask\firstTask.csproj", "{6AAA17CA-E4BA-4C07-A44F-9191456C6D64}"
EndProject
Global
	GlobalSection(SolutionConfigurationPlatforms) = preSolution
		Debug|Any CPU = Debug|Any CPU
		Release|Any CPU = Release|Any CPU
	EndGlobalSection
	GlobalSection(ProjectConfigurationPlatforms) = postSolution
		{6AAA17CA-E4BA-4C07-A44F-9191456C6D64}.Debug|Any CPU.ActiveCfg = Debug|Any CPU
		{6AAA17CA-E4BA-4C07-A44F-9191456C6D64}.Debug|Any CPU.Build.0 = Debug|Any CPU
		{6AAA17CA-E4BA-4C07-A44F-9191456C6D64}.Release|Any CPU.ActiveCfg = Release|Any CPU
		{6AAA17CA-E4BA-4C07-A44F-9191456C6D64}.Release|Any CPU.Build.0 = Release|Any CPU
	EndGlobalSection
	GlobalSection(SolutionProperties) = preSolution
		HideSolutionNode = FALSE
	EndGlobalSection
	GlobalSection(ExtensibilityGlobals) = postSolution
		SolutionGuid = {457598D4-3F75-4811-8D59-D98843E1872F}
	EndGlobalSection
EndGlobal
