
Microsoft Visual Studio Solution File, Format Version 12.00
# Visual Studio Version 16
VisualStudioVersion = 16.0.29728.190
MinimumVisualStudioVersion = 10.0.40219.1
Project("{FAE04EC0-301F-11D3-BF4B-00C04F79EFBC}") = "16012775_PROG6211_TASK1", "16012775_PROG6211_TASK1.csproj", "{D0D46D40-8B5F-4FAC-872A-74D97E2D69A4}"
EndProject
Global
	GlobalSection(SolutionConfigurationPlatforms) = preSolution
		Debug|Any CPU = Debug|Any CPU
		Release|Any CPU = Release|Any CPU
	EndGlobalSection
	GlobalSection(ProjectConfigurationPlatforms) = postSolution
		{D0D46D40-8B5F-4FAC-872A-74D97E2D69A4}.Debug|Any CPU.ActiveCfg = Debug|Any CPU
		{D0D46D40-8B5F-4FAC-872A-74D97E2D69A4}.Debug|Any CPU.Build.0 = Debug|Any CPU
		{D0D46D40-8B5F-4FAC-872A-74D97E2D69A4}.Release|Any CPU.ActiveCfg = Release|Any CPU
		{D0D46D40-8B5F-4FAC-872A-74D97E2D69A4}.Release|Any CPU.Build.0 = Release|Any CPU
	EndGlobalSection
	GlobalSection(SolutionProperties) = preSolution
		HideSolutionNode = FALSE
	EndGlobalSection
	GlobalSection(ExtensibilityGlobals) = postSolution
		SolutionGuid = {13F9232D-ADF7-4008-B073-AE44FE3C9FE8}
	EndGlobalSection
EndGlobal
