
Microsoft Visual Studio Solution File, Format Version 12.00
# Visual Studio Version 16
VisualStudioVersion = 16.0.29728.190
MinimumVisualStudioVersion = 10.0.40219.1
Project("{FAE04EC0-301F-11D3-BF4B-00C04F79EFBC}") = "numberGames", "numberGames.csproj", "{0CC97C4A-E18A-443C-BE34-466229A50646}"
EndProject
Global
	GlobalSection(SolutionConfigurationPlatforms) = preSolution
		Debug|Any CPU = Debug|Any CPU
		Release|Any CPU = Release|Any CPU
	EndGlobalSection
	GlobalSection(ProjectConfigurationPlatforms) = postSolution
		{0CC97C4A-E18A-443C-BE34-466229A50646}.Debug|Any CPU.ActiveCfg = Debug|Any CPU
		{0CC97C4A-E18A-443C-BE34-466229A50646}.Debug|Any CPU.Build.0 = Debug|Any CPU
		{0CC97C4A-E18A-443C-BE34-466229A50646}.Release|Any CPU.ActiveCfg = Release|Any CPU
		{0CC97C4A-E18A-443C-BE34-466229A50646}.Release|Any CPU.Build.0 = Release|Any CPU
	EndGlobalSection
	GlobalSection(SolutionProperties) = preSolution
		HideSolutionNode = FALSE
	EndGlobalSection
	GlobalSection(ExtensibilityGlobals) = postSolution
		SolutionGuid = {E1459262-76EA-4CAE-A647-C71A312F1A43}
	EndGlobalSection
EndGlobal
